
Microsoft Visual Studio Solution File, Format Version 12.00
# Visual Studio Version 17
VisualStudioVersion = 17.3.32901.215
MinimumVisualStudioVersion = 10.0.40219.1
Project("{FAE04EC0-301F-11D3-BF4B-00C04F79EFBC}") = "Lab9Ex", "Lab9Ex\Lab9Ex.csproj", "{0B16DE4F-15AA-4E95-809C-974F64099975}"
EndProject
Global
	GlobalSection(SolutionConfigurationPlatforms) = preSolution
		Debug|Any CPU = Debug|Any CPU
		Release|Any CPU = Release|Any CPU
	EndGlobalSection
	GlobalSection(ProjectConfigurationPlatforms) = postSolution
		{0B16DE4F-15AA-4E95-809C-974F64099975}.Debug|Any CPU.ActiveCfg = Debug|Any CPU
		{0B16DE4F-15AA-4E95-809C-974F64099975}.Debug|Any CPU.Build.0 = Debug|Any CPU
		{0B16DE4F-15AA-4E95-809C-974F64099975}.Release|Any CPU.ActiveCfg = Release|Any CPU
		{0B16DE4F-15AA-4E95-809C-974F64099975}.Release|Any CPU.Build.0 = Release|Any CPU
	EndGlobalSection
	GlobalSection(SolutionProperties) = preSolution
		HideSolutionNode = FALSE
	EndGlobalSection
	GlobalSection(ExtensibilityGlobals) = postSolution
		SolutionGuid = {D20C359B-0FC3-46E2-A0D8-C54B4C2DB1F6}
	EndGlobalSection
EndGlobal
